// !$*UTF8*$!
{
	archiveVersion = 1;
	classes = {
	};
	objectVersion = 50;
	objects = {

/* Begin PBXBuildFile section */
		5DB1BE9B28BB986A002B82A3 /* AppDelegate.swift in Sources */ = {isa = PBXBuildFile; fileRef = 5DB1BE9A28BB986A002B82A3 /* AppDelegate.swift */; };
		5DB1BE9D28BB986A002B82A3 /* SceneDelegate.swift in Sources */ = {isa = PBXBuildFile; fileRef = 5DB1BE9C28BB986A002B82A3 /* SceneDelegate.swift */; };
		5DB1BE9F28BB986A002B82A3 /* ViewController.swift in Sources */ = {isa = PBXBuildFile; fileRef = 5DB1BE9E28BB986A002B82A3 /* ViewController.swift */; };
		5DB1BEA228BB986A002B82A3 /* Main.storyboard in Resources */ = {isa = PBXBuildFile; fileRef = 5DB1BEA028BB986A002B82A3 /* Main.storyboard */; };
		5DB1BEA428BB9879002B82A3 /* Assets.xcassets in Resources */ = {isa = PBXBuildFile; fileRef = 5DB1BEA328BB9879002B82A3 /* Assets.xcassets */; };
		5DB1BEA728BB9879002B82A3 /* LaunchScreen.storyboard in Resources */ = {isa = PBXBuildFile; fileRef = 5DB1BEA528BB9879002B82A3 /* LaunchScreen.storyboard */; };
/* End PBXBuildFile section */

/* Begin PBXFileReference section */
		5DB1BE9728BB986A002B82A3 /* SimpleBitriseiOS.app */ = {isa = PBXFileReference; explicitFileType = wrapper.application; includeInIndex = 0; path = SimpleBitriseiOS.app; sourceTree = BUILT_PRODUCTS_DIR; };
		5DB1BE9A28BB986A002B82A3 /* AppDelegate.swift */ = {isa = PBXFileReference; lastKnownFileType = sourcecode.swift; path = AppDelegate.swift; sourceTree = "<group>"; };
		5DB1BE9C28BB986A002B82A3 /* SceneDelegate.swift */ = {isa = PBXFileReference; lastKnownFileType = sourcecode.swift; path = SceneDelegate.swift; sourceTree = "<group>"; };
		5DB1BE9E28BB986A002B82A3 /* ViewController.swift */ = {isa = PBXFileReference; lastKnownFileType = sourcecode.swift; path = ViewController.swift; sourceTree = "<group>"; };
		5DB1BEA128BB986A002B82A3 /* Base */ = {isa = PBXFileReference; lastKnownFileType = file.storyboard; name = Base; path = Base.lproj/Main.storyboard; sourceTree = "<group>"; };
		5DB1BEA328BB9879002B82A3 /* Assets.xcassets */ = {isa = PBXFileReference; lastKnownFileType = folder.assetcatalog; path = Assets.xcassets; sourceTree = "<group>"; };
		5DB1BEA628BB9879002B82A3 /* Base */ = {isa = PBXFileReference; lastKnownFileType = file.storyboard; name = Base; path = Base.lproj/LaunchScreen.storyboard; sourceTree = "<group>"; };
		5DB1BEA828BB9879002B82A3 /* Info.plist */ = {isa = PBXFileReference; lastKnownFileType = text.plist.xml; path = Info.plist; sourceTree = "<group>"; };
/* End PBXFileReference section */

/* Begin PBXFrameworksBuildPhase section */
		5DB1BE9428BB986A002B82A3 /* Frameworks */ = {
			isa = PBXFrameworksBuildPhase;
			buildActionMask = 2147483647;
			files = (
			);
			runOnlyForDeploymentPostprocessing = 0;
		};
/* End PBXFrameworksBuildPhase section */

/* Begin PBXGroup section */
		5DB1BE8E28BB986A002B82A3 = {
			isa = PBXGroup;
			children = (
				5DB1BE9928BB986A002B82A3 /* SimpleBitriseiOS */,
				5DB1BE9828BB986A002B82A3 /* Products */,
			);
			sourceTree = "<group>";
		};
		5DB1BE9828BB986A002B82A3 /* Products */ = {
			isa = PBXGroup;
			children = (
				5DB1BE9728BB986A002B82A3 /* SimpleBitriseiOS.app */,
			);
			name = Products;
			sourceTree = "<group>";
		};
		5DB1BE9928BB986A002B82A3 /* SimpleBitriseiOS */ = {
			isa = PBXGroup;
			children = (
				5DB1BE9A28BB986A002B82A3 /* AppDelegate.swift */,
				5DB1BE9C28BB986A002B82A3 /* SceneDelegate.swift */,
				5DB1BE9E28BB986A002B82A3 /* ViewController.swift */,
				5DB1BEA028BB986A002B82A3 /* Main.storyboard */,
				5DB1BEA328BB9879002B82A3 /* Assets.xcassets */,
				5DB1BEA528BB9879002B82A3 /* LaunchScreen.storyboard */,
				5DB1BEA828BB9879002B82A3 /* Info.plist */,
			);
			path = SimpleBitriseiOS;
			sourceTree = "<group>";
		};
/* End PBXGroup section */

/* Begin PBXNativeTarget section */
		5DB1BE9628BB986A002B82A3 /* SimpleBitriseiOS */ = {
			isa = PBXNativeTarget;
			buildConfigurationList = 5DB1BEAB28BB9879002B82A3 /* Build configuration list for PBXNativeTarget "SimpleBitriseiOS" */;
			buildPhases = (
				5DB1BE9328BB986A002B82A3 /* Sources */,
				5DB1BE9428BB986A002B82A3 /* Frameworks */,
				5DB1BE9528BB986A002B82A3 /* Resources */,
			);
			buildRules = (
			);
			dependencies = (
			);
			name = SimpleBitriseiOS;
			productName = SimpleBitriseiOS;
			productReference = 5DB1BE9728BB986A002B82A3 /* SimpleBitriseiOS.app */;
			productType = "com.apple.product-type.application";
		};
/* End PBXNativeTarget section */

/* Begin PBXProject section */
		5DB1BE8F28BB986A002B82A3 /* Project object */ = {
			isa = PBXProject;
			attributes = {
				LastSwiftUpdateCheck = 1230;
				LastUpgradeCheck = 1230;
				TargetAttributes = {
					5DB1BE9628BB986A002B82A3 = {
						CreatedOnToolsVersion = 12.3;
					};
				};
			};
			buildConfigurationList = 5DB1BE9228BB986A002B82A3 /* Build configuration list for PBXProject "SimpleBitriseiOS" */;
			compatibilityVersion = "Xcode 9.3";
			developmentRegion = en;
			hasScannedForEncodings = 0;
			knownRegions = (
				en,
				Base,
			);
			mainGroup = 5DB1BE8E28BB986A002B82A3;
			productRefGroup = 5DB1BE9828BB986A002B82A3 /* Products */;
			projectDirPath = "";
			projectRoot = "";
			targets = (
				5DB1BE9628BB986A002B82A3 /* SimpleBitriseiOS */,
			);
		};
/* End PBXProject section */

/* Begin PBXResourcesBuildPhase section */
		5DB1BE9528BB986A002B82A3 /* Resources */ = {
			isa = PBXResourcesBuildPhase;
			buildActionMask = 2147483647;
			files = (
				5DB1BEA728BB9879002B82A3 /* LaunchScreen.storyboard in Resources */,
				5DB1BEA428BB9879002B82A3 /* Assets.xcassets in Resources */,
				5DB1BEA228BB986A002B82A3 /* Main.storyboard in Resources */,
			);
			runOnlyForDeploymentPostprocessing = 0;
		};
/* End PBXResourcesBuildPhase section */

/* Begin PBXSourcesBuildPhase section */
		5DB1BE9328BB986A002B82A3 /* Sources */ = {
			isa = PBXSourcesBuildPhase;
			buildActionMask = 2147483647;
			files = (
				5DB1BE9F28BB986A002B82A3 /* ViewController.swift in Sources */,
				5DB1BE9B28BB986A002B82A3 /* AppDelegate.swift in Sources */,
				5DB1BE9D28BB986A002B82A3 /* SceneDelegate.swift in Sources */,
			);
			runOnlyForDeploymentPostprocessing = 0;
		};
/* End PBXSourcesBuildPhase section */

/* Begin PBXVariantGroup section */
		5DB1BEA028BB986A002B82A3 /* Main.storyboard */ = {
			isa = PBXVariantGroup;
			children = (
				5DB1BEA128BB986A002B82A3 /* Base */,
			);
			name = Main.storyboard;
			sourceTree = "<group>";
		};
		5DB1BEA528BB9879002B82A3 /* LaunchScreen.storyboard */ = {
			isa = PBXVariantGroup;
			children = (
				5DB1BEA628BB9879002B82A3 /* Base */,
			);
			name = LaunchScreen.storyboard;
			sourceTree = "<group>";
		};
/* End PBXVariantGroup section */

/* Begin XCBuildConfiguration section */
		5DB1BEA928BB9879002B82A3 /* Debug */ = {
			isa = XCBuildConfiguration;
			buildSettings = {
				ALWAYS_SEARCH_USER_PATHS = NO;
				CLANG_ANALYZER_NONNULL = YES;
				CLANG_ANALYZER_NUMBER_OBJECT_CONVERSION = YES_AGGRESSIVE;
				CLANG_CXX_LANGUAGE_STANDARD = "gnu++14";
				CLANG_CXX_LIBRARY = "libc++";
				CLANG_ENABLE_MODULES = YES;
				CLANG_ENABLE_OBJC_ARC = YES;
				CLANG_ENABLE_OBJC_WEAK = YES;
				CLANG_WARN_BLOCK_CAPTURE_AUTORELEASING = YES;
				CLANG_WARN_BOOL_CONVERSION = YES;
				CLANG_WARN_COMMA = YES;
				CLANG_WARN_CONSTANT_CONVERSION = YES;
				CLANG_WARN_DEPRECATED_OBJC_IMPLEMENTATIONS = YES;
				CLANG_WARN_DIRECT_OBJC_ISA_USAGE = YES_ERROR;
				CLANG_WARN_DOCUMENTATION_COMMENTS = YES;
				CLANG_WARN_EMPTY_BODY = YES;
				CLANG_WARN_ENUM_CONVERSION = YES;
				CLANG_WARN_INFINITE_RECURSION = YES;
				CLANG_WARN_INT_CONVERSION = YES;
				CLANG_WARN_NON_LITERAL_NULL_CONVERSION = YES;
				CLANG_WARN_OBJC_IMPLICIT_RETAIN_SELF = YES;
				CLANG_WARN_OBJC_LITERAL_CONVERSION = YES;
				CLANG_WARN_OBJC_ROOT_CLASS = YES_ERROR;
				CLANG_WARN_QUOTED_INCLUDE_IN_FRAMEWORK_HEADER = YES;
				CLANG_WARN_RANGE_LOOP_ANALYSIS = YES;
				CLANG_WARN_STRICT_PROTOTYPES = YES;
				CLANG_WARN_SUSPICIOUS_MOVE = YES;
				CLANG_WARN_UNGUARDED_AVAILABILITY = YES_AGGRESSIVE;
				CLANG_WARN_UNREACHABLE_CODE = YES;
				CLANG_WARN__DUPLICATE_METHOD_MATCH = YES;
				COPY_PHASE_STRIP = NO;
				DEBUG_INFORMATION_FORMAT = dwarf;
				ENABLE_STRICT_OBJC_MSGSEND = YES;
				ENABLE_TESTABILITY = YES;
				GCC_C_LANGUAGE_STANDARD = gnu11;
				GCC_DYNAMIC_NO_PIC = NO;
				GCC_NO_COMMON_BLOCKS = YES;
				GCC_OPTIMIZATION_LEVEL = 0;
				GCC_PREPROCESSOR_DEFINITIONS = (
					"DEBUG=1",
					"$(inherited)",
				);
				GCC_WARN_64_TO_32_BIT_CONVERSION = YES;
				GCC_WARN_ABOUT_RETURN_TYPE = YES_ERROR;
				GCC_WARN_UNDECLARED_SELECTOR = YES;
				GCC_WARN_UNINITIALIZED_AUTOS = YES_AGGRESSIVE;
				GCC_WARN_UNUSED_FUNCTION = YES;
				GCC_WARN_UNUSED_VARIABLE = YES;
				IPHONEOS_DEPLOYMENT_TARGET = 14.3;
				MTL_ENABLE_DEBUG_INFO = INCLUDE_SOURCE;
				MTL_FAST_MATH = YES;
				ONLY_ACTIVE_ARCH = YES;
				SDKROOT = iphoneos;
				SWIFT_ACTIVE_COMPILATION_CONDITIONS = DEBUG;
				SWIFT_OPTIMIZATION_LEVEL = "-Onone";
			};
			name = Debug;
		};
		5DB1BEAA28BB9879002B82A3 /* Release */ = {
			isa = XCBuildConfiguration;
			buildSettings = {
				ALWAYS_SEARCH_USER_PATHS = NO;
				CLANG_ANALYZER_NONNULL = YES;
				CLANG_ANALYZER_NUMBER_OBJECT_CONVERSION = YES_AGGRESSIVE;
				CLANG_CXX_LANGUAGE_STANDARD = "gnu++14";
				CLANG_CXX_LIBRARY = "libc++";
				CLANG_ENABLE_MODULES = YES;
				CLANG_ENABLE_OBJC_ARC = YES;
				CLANG_ENABLE_OBJC_WEAK = YES;
				CLANG_WARN_BLOCK_CAPTURE_AUTORELEASING = YES;
				CLANG_WARN_BOOL_CONVERSION = YES;
				CLANG_WARN_COMMA = YES;
				CLANG_WARN_CONSTANT_CONVERSION = YES;
				CLANG_WARN_DEPRECATED_OBJC_IMPLEMENTATIONS = YES;
				CLANG_WARN_DIRECT_OBJC_ISA_USAGE = YES_ERROR;
				CLANG_WARN_DOCUMENTATION_COMMENTS = YES;
				CLANG_WARN_EMPTY_BODY = YES;
				CLANG_WARN_ENUM_CONVERSION = YES;
				CLANG_WARN_INFINITE_RECURSION = YES;
				CLANG_WARN_INT_CONVERSION = YES;
				CLANG_WARN_NON_LITERAL_NULL_CONVERSION = YES;
				CLANG_WARN_OBJC_IMPLICIT_RETAIN_SELF = YES;
				CLANG_WARN_OBJC_LITERAL_CONVERSION = YES;
				CLANG_WARN_OBJC_ROOT_CLASS = YES_ERROR;
				CLANG_WARN_QUOTED_INCLUDE_IN_FRAMEWORK_HEADER = YES;
				CLANG_WARN_RANGE_LOOP_ANALYSIS = YES;
				CLANG_WARN_STRICT_PROTOTYPES = YES;
				CLANG_WARN_SUSPICIOUS_MOVE = YES;
				CLANG_WARN_UNGUARDED_AVAILABILITY = YES_AGGRESSIVE;
				CLANG_WARN_UNREACHABLE_CODE = YES;
				CLANG_WARN__DUPLICATE_METHOD_MATCH = YES;
				COPY_PHASE_STRIP = NO;
				DEBUG_INFORMATION_FORMAT = "dwarf-with-dsym";
				ENABLE_NS_ASSERTIONS = NO;
				ENABLE_STRICT_OBJC_MSGSEND = YES;
				GCC_C_LANGUAGE_STANDARD = gnu11;
				GCC_NO_COMMON_BLOCKS = YES;
				GCC_WARN_64_TO_32_BIT_CONVERSION = YES;
				GCC_WARN_ABOUT_RETURN_TYPE = YES_ERROR;
				GCC_WARN_UNDECLARED_SELECTOR = YES;
				GCC_WARN_UNINITIALIZED_AUTOS = YES_AGGRESSIVE;
				GCC_WARN_UNUSED_FUNCTION = YES;
				GCC_WARN_UNUSED_VARIABLE = YES;
				IPHONEOS_DEPLOYMENT_TARGET = 14.3;
				MTL_ENABLE_DEBUG_INFO = NO;
				MTL_FAST_MATH = YES;
				SDKROOT = iphoneos;
				SWIFT_COMPILATION_MODE = wholemodule;
				SWIFT_OPTIMIZATION_LEVEL = "-O";
				VALIDATE_PRODUCT = YES;
			};
			name = Release;
		};
		5DB1BEAC28BB9879002B82A3 /* Debug */ = {
			isa = XCBuildConfiguration;
			buildSettings = {
				ASSETCATALOG_COMPILER_APPICON_NAME = AppIcon;
				ASSETCATALOG_COMPILER_GLOBAL_ACCENT_COLOR_NAME = AccentColor;
				CODE_SIGN_STYLE = Automatic;
				DEVELOPMENT_TEAM = 3B7FASUTN7;
				INFOPLIST_FILE = SimpleBitriseiOS/Info.plist;
				LD_RUNPATH_SEARCH_PATHS = (
					"$(inherited)",
					"@executable_path/Frameworks",
				);
				PRODUCT_BUNDLE_IDENTIFIER = com.rehan.SimpleBitriseiOS;
				PRODUCT_NAME = "$(TARGET_NAME)";
				SWIFT_VERSION = 5.0;
				TARGETED_DEVICE_FAMILY = "1,2";
			};
			name = Debug;
		};
		5DB1BEAD28BB9879002B82A3 /* Release */ = {
			isa = XCBuildConfiguration;
			buildSettings = {
				ASSETCATALOG_COMPILER_APPICON_NAME = AppIcon;
				ASSETCATALOG_COMPILER_GLOBAL_ACCENT_COLOR_NAME = AccentColor;
				CODE_SIGN_STYLE = Automatic;
				DEVELOPMENT_TEAM = 3B7FASUTN7;
				INFOPLIST_FILE = SimpleBitriseiOS/Info.plist;
				LD_RUNPATH_SEARCH_PATHS = (
					"$(inherited)",
					"@executable_path/Frameworks",
				);
				PRODUCT_BUNDLE_IDENTIFIER = com.rehan.SimpleBitriseiOS;
				PRODUCT_NAME = "$(TARGET_NAME)";
				SWIFT_VERSION = 5.0;
				TARGETED_DEVICE_FAMILY = "1,2";
			};
			name = Release;
		};
/* End XCBuildConfiguration section */

/* Begin XCConfigurationList section */
		5DB1BE9228BB986A002B82A3 /* Build configuration list for PBXProject "SimpleBitriseiOS" */ = {
			isa = XCConfigurationList;
			buildConfigurations = (
				5DB1BEA928BB9879002B82A3 /* Debug */,
				5DB1BEAA28BB9879002B82A3 /* Release */,
			);
			defaultConfigurationIsVisible = 0;
			defaultConfigurationName = Release;
		};
		5DB1BEAB28BB9879002B82A3 /* Build configuration list for PBXNativeTarget "SimpleBitriseiOS" */ = {
			isa = XCConfigurationList;
			buildConfigurations = (
				5DB1BEAC28BB9879002B82A3 /* Debug */,
				5DB1BEAD28BB9879002B82A3 /* Release */,
			);
			defaultConfigurationIsVisible = 0;
			defaultConfigurationName = Release;
		};
/* End XCConfigurationList section */
	};
	rootObject = 5DB1BE8F28BB986A002B82A3 /* Project object */;
}
